Microsoft Visual Studio Solution File, Format Version 12.00
#
Project("{FAE04EC0-301F-11D3-BF4B-00C04F79EFBC}") = "RmsService", "RmsService\RmsService.csproj", "{5973E453-F407-4796-BA48-999948EC1959}"
EndProject
Project("{FAE04EC0-301F-11D3-BF4B-00C04F79EFBC}") = "MdmService", "MdmService\MdmService.csproj", "{7BCE2EBD-BA18-4033-9037-697E834E1023}"
EndProject
Project("{FAE04EC0-301F-11D3-BF4B-00C04F79EFBC}") = "ContextService", "ContextService\ContextService.csproj", "{45A9EE99-D59B-4DDA-8E79-B2622925245F}"
EndProject
Project("{FAE04EC0-301F-11D3-BF4B-00C04F79EFBC}") = "MdrService", "MdrService\MdrService.csproj", "{7B3869A9-1EEF-4570-AA6B-B9C314ACE3DF}"
EndProject
Project("{FAE04EC0-301F-11D3-BF4B-00C04F79EFBC}") = "UserService", "UserService\UserService.csproj", "{00AB8294-17A0-45F7-A953-0B951A548FA6}"
EndProject
Project("{FAE04EC0-301F-11D3-BF4B-00C04F79EFBC}") = "ApiGateway", "ApiGateway\ApiGateway.csproj", "{D7CE2C0B-8B98-4063-9CF2-993A7669E8F1}"
EndProject
Project("{FAE04EC0-301F-11D3-BF4B-00C04F79EFBC}") = "AuditService", "AuditService\AuditService.csproj", "{2AD45780-7E40-406D-BA76-D0103CFEBDE9}"
EndProject
Project("{FAE04EC0-301F-11D3-BF4B-00C04F79EFBC}") = "IdentityServer", "IdentityServer\IdentityServer.csproj", "{570683A7-BE32-4080-90CA-81E31CD13E33}"
EndProject
Global
	GlobalSection(SolutionConfigurationPlatforms) = preSolution
		Debug|Any CPU = Debug|Any CPU
		Release|Any CPU = Release|Any CPU
	EndGlobalSection
	GlobalSection(ProjectConfigurationPlatforms) = postSolution
		{5973E453-F407-4796-BA48-999948EC1959}.Debug|Any CPU.ActiveCfg = Debug|Any CPU
		{5973E453-F407-4796-BA48-999948EC1959}.Debug|Any CPU.Build.0 = Debug|Any CPU
		{5973E453-F407-4796-BA48-999948EC1959}.Release|Any CPU.ActiveCfg = Release|Any CPU
		{5973E453-F407-4796-BA48-999948EC1959}.Release|Any CPU.Build.0 = Release|Any CPU
		{7BCE2EBD-BA18-4033-9037-697E834E1023}.Debug|Any CPU.ActiveCfg = Debug|Any CPU
		{7BCE2EBD-BA18-4033-9037-697E834E1023}.Debug|Any CPU.Build.0 = Debug|Any CPU
		{7BCE2EBD-BA18-4033-9037-697E834E1023}.Release|Any CPU.ActiveCfg = Release|Any CPU
		{7BCE2EBD-BA18-4033-9037-697E834E1023}.Release|Any CPU.Build.0 = Release|Any CPU
		{45A9EE99-D59B-4DDA-8E79-B2622925245F}.Debug|Any CPU.ActiveCfg = Debug|Any CPU
		{45A9EE99-D59B-4DDA-8E79-B2622925245F}.Debug|Any CPU.Build.0 = Debug|Any CPU
		{45A9EE99-D59B-4DDA-8E79-B2622925245F}.Release|Any CPU.ActiveCfg = Release|Any CPU
		{45A9EE99-D59B-4DDA-8E79-B2622925245F}.Release|Any CPU.Build.0 = Release|Any CPU
		{7B3869A9-1EEF-4570-AA6B-B9C314ACE3DF}.Debug|Any CPU.ActiveCfg = Debug|Any CPU
		{7B3869A9-1EEF-4570-AA6B-B9C314ACE3DF}.Debug|Any CPU.Build.0 = Debug|Any CPU
		{7B3869A9-1EEF-4570-AA6B-B9C314ACE3DF}.Release|Any CPU.ActiveCfg = Release|Any CPU
		{7B3869A9-1EEF-4570-AA6B-B9C314ACE3DF}.Release|Any CPU.Build.0 = Release|Any CPU
		{00AB8294-17A0-45F7-A953-0B951A548FA6}.Debug|Any CPU.ActiveCfg = Debug|Any CPU
		{00AB8294-17A0-45F7-A953-0B951A548FA6}.Debug|Any CPU.Build.0 = Debug|Any CPU
		{00AB8294-17A0-45F7-A953-0B951A548FA6}.Release|Any CPU.ActiveCfg = Release|Any CPU
		{00AB8294-17A0-45F7-A953-0B951A548FA6}.Release|Any CPU.Build.0 = Release|Any CPU
		{D7CE2C0B-8B98-4063-9CF2-993A7669E8F1}.Debug|Any CPU.ActiveCfg = Debug|Any CPU
		{D7CE2C0B-8B98-4063-9CF2-993A7669E8F1}.Debug|Any CPU.Build.0 = Debug|Any CPU
		{D7CE2C0B-8B98-4063-9CF2-993A7669E8F1}.Release|Any CPU.ActiveCfg = Release|Any CPU
		{D7CE2C0B-8B98-4063-9CF2-993A7669E8F1}.Release|Any CPU.Build.0 = Release|Any CPU
		{2AD45780-7E40-406D-BA76-D0103CFEBDE9}.Debug|Any CPU.ActiveCfg = Debug|Any CPU
		{2AD45780-7E40-406D-BA76-D0103CFEBDE9}.Debug|Any CPU.Build.0 = Debug|Any CPU
		{2AD45780-7E40-406D-BA76-D0103CFEBDE9}.Release|Any CPU.ActiveCfg = Release|Any CPU
		{2AD45780-7E40-406D-BA76-D0103CFEBDE9}.Release|Any CPU.Build.0 = Release|Any CPU
		{570683A7-BE32-4080-90CA-81E31CD13E33}.Debug|Any CPU.ActiveCfg = Debug|Any CPU
		{570683A7-BE32-4080-90CA-81E31CD13E33}.Debug|Any CPU.Build.0 = Debug|Any CPU
		{570683A7-BE32-4080-90CA-81E31CD13E33}.Release|Any CPU.ActiveCfg = Release|Any CPU
		{570683A7-BE32-4080-90CA-81E31CD13E33}.Release|Any CPU.Build.0 = Release|Any CPU
	EndGlobalSection
EndGlobal
